
Microsoft Visual Studio Solution File, Format Version 12.00
# Visual Studio Version 17
VisualStudioVersion = 17.6.33626.354
MinimumVisualStudioVersion = 10.0.40219.1
Project("{2150E333-8FDC-42A3-9474-1A3956D46DE8}") = "Services", "Services", "{A3424063-D61C-4405-BE47-3B2902135007}"
EndProject
Project("{2150E333-8FDC-42A3-9474-1A3956D46DE8}") = "Catalog", "Catalog", "{796CE79D-E3E3-4F39-B43B-1E789E888CEB}"
EndProject
Project("{FAE04EC0-301F-11D3-BF4B-00C04F79EFBC}") = "Catalog.API", "..\src\Services\Catalog\Catalog.API\Catalog.API.csproj", "{BE00E584-720A-463A-A4F2-CD407C20838D}"
EndProject
Global
	GlobalSection(SolutionConfigurationPlatforms) = preSolution
		Debug|Any CPU = Debug|Any CPU
		Release|Any CPU = Release|Any CPU
	EndGlobalSection
	GlobalSection(ProjectConfigurationPlatforms) = postSolution
		{BE00E584-720A-463A-A4F2-CD407C20838D}.Debug|Any CPU.ActiveCfg = Debug|Any CPU
		{BE00E584-720A-463A-A4F2-CD407C20838D}.Debug|Any CPU.Build.0 = Debug|Any CPU
		{BE00E584-720A-463A-A4F2-CD407C20838D}.Release|Any CPU.ActiveCfg = Release|Any CPU
		{BE00E584-720A-463A-A4F2-CD407C20838D}.Release|Any CPU.Build.0 = Release|Any CPU
	EndGlobalSection
	GlobalSection(SolutionProperties) = preSolution
		HideSolutionNode = FALSE
	EndGlobalSection
	GlobalSection(NestedProjects) = preSolution
		{796CE79D-E3E3-4F39-B43B-1E789E888CEB} = {A3424063-D61C-4405-BE47-3B2902135007}
		{BE00E584-720A-463A-A4F2-CD407C20838D} = {796CE79D-E3E3-4F39-B43B-1E789E888CEB}
	EndGlobalSection
	GlobalSection(ExtensibilityGlobals) = postSolution
		SolutionGuid = {BC3C8768-8DA3-42ED-AC36-F62C73594D9C}
	EndGlobalSection
EndGlobal
