
Microsoft Visual Studio Solution File, Format Version 12.00
# Visual Studio Version 17
VisualStudioVersion = 17.6.33626.354
MinimumVisualStudioVersion = 10.0.40219.1
Project("{2150E333-8FDC-42A3-9474-1A3956D46DE8}") = "Services", "Services", "{B4D751CD-F8E3-4290-8A66-C270B6533D4F}"
EndProject
Project("{2150E333-8FDC-42A3-9474-1A3956D46DE8}") = "Catalog", "Catalog", "{A86E26B3-07E5-4348-B6D8-A1BE4A46DD2A}"
EndProject
Project("{9A19103F-16F7-4668-BE54-9A1E7A4F7556}") = "Catalog.API", "Services\Catalog\Catalog.API\Catalog.API.csproj", "{9EECAEDF-A1ED-4454-9AD6-0B0624550E2B}"
EndProject
Project("{E53339B2-1760-4266-BCC7-CA923CBCF16C}") = "docker-compose", "docker-compose.dcproj", "{204FC4CE-BEEC-40E1-8316-4187DA2BF590}"
EndProject
Project("{2150E333-8FDC-42A3-9474-1A3956D46DE8}") = "Basket", "Basket", "{A3C0C3B9-1A1A-4E4A-9646-28E286491CEB}"
EndProject
Project("{9A19103F-16F7-4668-BE54-9A1E7A4F7556}") = "Basket.API", "Services\Basket\Basket.API\Basket.API.csproj", "{18364F1E-D6A1-4E80-9032-1C16D054D6B9}"
EndProject
Project("{2150E333-8FDC-42A3-9474-1A3956D46DE8}") = "Discount", "Discount", "{F1E95D35-4692-4C62-9CB8-B2BFBEF649C4}"
EndProject
Project("{9A19103F-16F7-4668-BE54-9A1E7A4F7556}") = "Discount.API", "Services\Discount\Discount.API\Discount.API.csproj", "{A5082D5F-20C3-4A9F-92CC-4379CD02E402}"
EndProject
Project("{9A19103F-16F7-4668-BE54-9A1E7A4F7556}") = "Discount.Grpc", "Services\Discount\Discount.Grpc\Discount.Grpc.csproj", "{8398AA96-7964-48D6-A983-053BDA9107D6}"
EndProject
Project("{2150E333-8FDC-42A3-9474-1A3956D46DE8}") = "Ordering", "Ordering", "{DFD5D8B2-C828-4D10-BB2E-C628D69D27BF}"
EndProject
Project("{9A19103F-16F7-4668-BE54-9A1E7A4F7556}") = "Ordering.API", "Services\Ordering\Ordering.API\Ordering.API.csproj", "{3FFE4BEF-07C0-45FE-9827-884DBC0F6A4D}"
EndProject
Project("{9A19103F-16F7-4668-BE54-9A1E7A4F7556}") = "Ordering.Domain", "Services\Ordering\Ordering.Domain\Ordering.Domain.csproj", "{9D9720B2-1364-4EE1-A799-991428A91CC5}"
EndProject
Project("{9A19103F-16F7-4668-BE54-9A1E7A4F7556}") = "Ordering.Application", "Services\Ordering\Ordering.Application\Ordering.Application.csproj", "{E64C5A57-3104-4638-A350-958D4714E79F}"
EndProject
Project("{9A19103F-16F7-4668-BE54-9A1E7A4F7556}") = "Ordering.Infrastructure", "Services\Ordering\Ordering.Infrastructure\Ordering.Infrastructure.csproj", "{683DCDFB-2788-459B-AA94-55E90B278C26}"
EndProject
Project("{2150E333-8FDC-42A3-9474-1A3956D46DE8}") = "ApiGateways", "ApiGateways", "{26CDD034-C962-46E7-81F6-3368F1BC8D32}"
EndProject
Project("{9A19103F-16F7-4668-BE54-9A1E7A4F7556}") = "OcelotApiGateway", "ApiGateways\OcelotApiGateway\OcelotApiGateway.csproj", "{5A8C2F65-2097-4D62-93C3-A27634F6E15C}"
EndProject
Project("{9A19103F-16F7-4668-BE54-9A1E7A4F7556}") = "Basket.RabbitMQ", "Services\Basket\Basket.RabbitMQ\Basket.RabbitMQ.csproj", "{E4576DD6-6BCF-4F68-903A-62072E398F76}"
EndProject
Project("{9A19103F-16F7-4668-BE54-9A1E7A4F7556}") = "Basket.Core", "Services\Basket\Basket.Core\Basket.Core.csproj", "{80A54749-9AD9-4B0A-990C-E5D0D3BD3F8D}"
EndProject
Project("{9A19103F-16F7-4668-BE54-9A1E7A4F7556}") = "Ordering.RabbitMQ", "Services\Ordering\Ordering.RabbitMQ\Ordering.RabbitMQ.csproj", "{F28AF945-0C75-4F77-9E91-B38D98ADA1C5}"
EndProject
Project("{FAE04EC0-301F-11D3-BF4B-00C04F79EFBC}") = "Catalog.RabbitMQ", "Services\Catalog\Catalog.RabbitMQ\Catalog.RabbitMQ.csproj", "{D4FA0727-F891-406A-982E-6E9ADBA36AA8}"
EndProject
Project("{FAE04EC0-301F-11D3-BF4B-00C04F79EFBC}") = "Catalog.Core", "Services\Catalog\Catalog.Core\Catalog.Core.csproj", "{96D8759E-4FE2-4673-95D6-A4B2D4214469}"
EndProject
Global
	GlobalSection(SolutionConfigurationPlatforms) = preSolution
		Debug|Any CPU = Debug|Any CPU
		Release|Any CPU = Release|Any CPU
	EndGlobalSection
	GlobalSection(ProjectConfigurationPlatforms) = postSolution
		{9EECAEDF-A1ED-4454-9AD6-0B0624550E2B}.Debug|Any CPU.ActiveCfg = Debug|Any CPU
		{9EECAEDF-A1ED-4454-9AD6-0B0624550E2B}.Debug|Any CPU.Build.0 = Debug|Any CPU
		{9EECAEDF-A1ED-4454-9AD6-0B0624550E2B}.Release|Any CPU.ActiveCfg = Release|Any CPU
		{9EECAEDF-A1ED-4454-9AD6-0B0624550E2B}.Release|Any CPU.Build.0 = Release|Any CPU
		{204FC4CE-BEEC-40E1-8316-4187DA2BF590}.Debug|Any CPU.ActiveCfg = Debug|Any CPU
		{204FC4CE-BEEC-40E1-8316-4187DA2BF590}.Debug|Any CPU.Build.0 = Debug|Any CPU
		{204FC4CE-BEEC-40E1-8316-4187DA2BF590}.Release|Any CPU.ActiveCfg = Release|Any CPU
		{204FC4CE-BEEC-40E1-8316-4187DA2BF590}.Release|Any CPU.Build.0 = Release|Any CPU
		{18364F1E-D6A1-4E80-9032-1C16D054D6B9}.Debug|Any CPU.ActiveCfg = Debug|Any CPU
		{18364F1E-D6A1-4E80-9032-1C16D054D6B9}.Debug|Any CPU.Build.0 = Debug|Any CPU
		{18364F1E-D6A1-4E80-9032-1C16D054D6B9}.Release|Any CPU.ActiveCfg = Release|Any CPU
		{18364F1E-D6A1-4E80-9032-1C16D054D6B9}.Release|Any CPU.Build.0 = Release|Any CPU
		{A5082D5F-20C3-4A9F-92CC-4379CD02E402}.Debug|Any CPU.ActiveCfg = Debug|Any CPU
		{A5082D5F-20C3-4A9F-92CC-4379CD02E402}.Debug|Any CPU.Build.0 = Debug|Any CPU
		{A5082D5F-20C3-4A9F-92CC-4379CD02E402}.Release|Any CPU.ActiveCfg = Release|Any CPU
		{A5082D5F-20C3-4A9F-92CC-4379CD02E402}.Release|Any CPU.Build.0 = Release|Any CPU
		{8398AA96-7964-48D6-A983-053BDA9107D6}.Debug|Any CPU.ActiveCfg = Debug|Any CPU
		{8398AA96-7964-48D6-A983-053BDA9107D6}.Debug|Any CPU.Build.0 = Debug|Any CPU
		{8398AA96-7964-48D6-A983-053BDA9107D6}.Release|Any CPU.ActiveCfg = Release|Any CPU
		{8398AA96-7964-48D6-A983-053BDA9107D6}.Release|Any CPU.Build.0 = Release|Any CPU
		{3FFE4BEF-07C0-45FE-9827-884DBC0F6A4D}.Debug|Any CPU.ActiveCfg = Debug|Any CPU
		{3FFE4BEF-07C0-45FE-9827-884DBC0F6A4D}.Debug|Any CPU.Build.0 = Debug|Any CPU
		{3FFE4BEF-07C0-45FE-9827-884DBC0F6A4D}.Release|Any CPU.ActiveCfg = Release|Any CPU
		{3FFE4BEF-07C0-45FE-9827-884DBC0F6A4D}.Release|Any CPU.Build.0 = Release|Any CPU
		{9D9720B2-1364-4EE1-A799-991428A91CC5}.Debug|Any CPU.ActiveCfg = Debug|Any CPU
		{9D9720B2-1364-4EE1-A799-991428A91CC5}.Debug|Any CPU.Build.0 = Debug|Any CPU
		{9D9720B2-1364-4EE1-A799-991428A91CC5}.Release|Any CPU.ActiveCfg = Release|Any CPU
		{9D9720B2-1364-4EE1-A799-991428A91CC5}.Release|Any CPU.Build.0 = Release|Any CPU
		{E64C5A57-3104-4638-A350-958D4714E79F}.Debug|Any CPU.ActiveCfg = Debug|Any CPU
		{E64C5A57-3104-4638-A350-958D4714E79F}.Debug|Any CPU.Build.0 = Debug|Any CPU
		{E64C5A57-3104-4638-A350-958D4714E79F}.Release|Any CPU.ActiveCfg = Release|Any CPU
		{E64C5A57-3104-4638-A350-958D4714E79F}.Release|Any CPU.Build.0 = Release|Any CPU
		{683DCDFB-2788-459B-AA94-55E90B278C26}.Debug|Any CPU.ActiveCfg = Debug|Any CPU
		{683DCDFB-2788-459B-AA94-55E90B278C26}.Debug|Any CPU.Build.0 = Debug|Any CPU
		{683DCDFB-2788-459B-AA94-55E90B278C26}.Release|Any CPU.ActiveCfg = Release|Any CPU
		{683DCDFB-2788-459B-AA94-55E90B278C26}.Release|Any CPU.Build.0 = Release|Any CPU
		{5A8C2F65-2097-4D62-93C3-A27634F6E15C}.Debug|Any CPU.ActiveCfg = Debug|Any CPU
		{5A8C2F65-2097-4D62-93C3-A27634F6E15C}.Debug|Any CPU.Build.0 = Debug|Any CPU
		{5A8C2F65-2097-4D62-93C3-A27634F6E15C}.Release|Any CPU.ActiveCfg = Release|Any CPU
		{5A8C2F65-2097-4D62-93C3-A27634F6E15C}.Release|Any CPU.Build.0 = Release|Any CPU
		{E4576DD6-6BCF-4F68-903A-62072E398F76}.Debug|Any CPU.ActiveCfg = Debug|Any CPU
		{E4576DD6-6BCF-4F68-903A-62072E398F76}.Debug|Any CPU.Build.0 = Debug|Any CPU
		{E4576DD6-6BCF-4F68-903A-62072E398F76}.Release|Any CPU.ActiveCfg = Release|Any CPU
		{E4576DD6-6BCF-4F68-903A-62072E398F76}.Release|Any CPU.Build.0 = Release|Any CPU
		{80A54749-9AD9-4B0A-990C-E5D0D3BD3F8D}.Debug|Any CPU.ActiveCfg = Debug|Any CPU
		{80A54749-9AD9-4B0A-990C-E5D0D3BD3F8D}.Debug|Any CPU.Build.0 = Debug|Any CPU
		{80A54749-9AD9-4B0A-990C-E5D0D3BD3F8D}.Release|Any CPU.ActiveCfg = Release|Any CPU
		{80A54749-9AD9-4B0A-990C-E5D0D3BD3F8D}.Release|Any CPU.Build.0 = Release|Any CPU
		{F28AF945-0C75-4F77-9E91-B38D98ADA1C5}.Debug|Any CPU.ActiveCfg = Debug|Any CPU
		{F28AF945-0C75-4F77-9E91-B38D98ADA1C5}.Debug|Any CPU.Build.0 = Debug|Any CPU
		{F28AF945-0C75-4F77-9E91-B38D98ADA1C5}.Release|Any CPU.ActiveCfg = Release|Any CPU
		{F28AF945-0C75-4F77-9E91-B38D98ADA1C5}.Release|Any CPU.Build.0 = Release|Any CPU
		{D4FA0727-F891-406A-982E-6E9ADBA36AA8}.Debug|Any CPU.ActiveCfg = Debug|Any CPU
		{D4FA0727-F891-406A-982E-6E9ADBA36AA8}.Debug|Any CPU.Build.0 = Debug|Any CPU
		{D4FA0727-F891-406A-982E-6E9ADBA36AA8}.Release|Any CPU.ActiveCfg = Release|Any CPU
		{D4FA0727-F891-406A-982E-6E9ADBA36AA8}.Release|Any CPU.Build.0 = Release|Any CPU
		{96D8759E-4FE2-4673-95D6-A4B2D4214469}.Debug|Any CPU.ActiveCfg = Debug|Any CPU
		{96D8759E-4FE2-4673-95D6-A4B2D4214469}.Debug|Any CPU.Build.0 = Debug|Any CPU
		{96D8759E-4FE2-4673-95D6-A4B2D4214469}.Release|Any CPU.ActiveCfg = Release|Any CPU
		{96D8759E-4FE2-4673-95D6-A4B2D4214469}.Release|Any CPU.Build.0 = Release|Any CPU
	EndGlobalSection
	GlobalSection(SolutionProperties) = preSolution
		HideSolutionNode = FALSE
	EndGlobalSection
	GlobalSection(NestedProjects) = preSolution
		{A86E26B3-07E5-4348-B6D8-A1BE4A46DD2A} = {B4D751CD-F8E3-4290-8A66-C270B6533D4F}
		{9EECAEDF-A1ED-4454-9AD6-0B0624550E2B} = {A86E26B3-07E5-4348-B6D8-A1BE4A46DD2A}
		{A3C0C3B9-1A1A-4E4A-9646-28E286491CEB} = {B4D751CD-F8E3-4290-8A66-C270B6533D4F}
		{18364F1E-D6A1-4E80-9032-1C16D054D6B9} = {A3C0C3B9-1A1A-4E4A-9646-28E286491CEB}
		{F1E95D35-4692-4C62-9CB8-B2BFBEF649C4} = {B4D751CD-F8E3-4290-8A66-C270B6533D4F}
		{A5082D5F-20C3-4A9F-92CC-4379CD02E402} = {F1E95D35-4692-4C62-9CB8-B2BFBEF649C4}
		{8398AA96-7964-48D6-A983-053BDA9107D6} = {F1E95D35-4692-4C62-9CB8-B2BFBEF649C4}
		{DFD5D8B2-C828-4D10-BB2E-C628D69D27BF} = {B4D751CD-F8E3-4290-8A66-C270B6533D4F}
		{3FFE4BEF-07C0-45FE-9827-884DBC0F6A4D} = {DFD5D8B2-C828-4D10-BB2E-C628D69D27BF}
		{9D9720B2-1364-4EE1-A799-991428A91CC5} = {DFD5D8B2-C828-4D10-BB2E-C628D69D27BF}
		{E64C5A57-3104-4638-A350-958D4714E79F} = {DFD5D8B2-C828-4D10-BB2E-C628D69D27BF}
		{683DCDFB-2788-459B-AA94-55E90B278C26} = {DFD5D8B2-C828-4D10-BB2E-C628D69D27BF}
		{5A8C2F65-2097-4D62-93C3-A27634F6E15C} = {26CDD034-C962-46E7-81F6-3368F1BC8D32}
		{E4576DD6-6BCF-4F68-903A-62072E398F76} = {A3C0C3B9-1A1A-4E4A-9646-28E286491CEB}
		{80A54749-9AD9-4B0A-990C-E5D0D3BD3F8D} = {A3C0C3B9-1A1A-4E4A-9646-28E286491CEB}
		{F28AF945-0C75-4F77-9E91-B38D98ADA1C5} = {DFD5D8B2-C828-4D10-BB2E-C628D69D27BF}
		{D4FA0727-F891-406A-982E-6E9ADBA36AA8} = {A86E26B3-07E5-4348-B6D8-A1BE4A46DD2A}
		{96D8759E-4FE2-4673-95D6-A4B2D4214469} = {A86E26B3-07E5-4348-B6D8-A1BE4A46DD2A}
	EndGlobalSection
	GlobalSection(ExtensibilityGlobals) = postSolution
		SolutionGuid = {BC3C8768-8DA3-42ED-AC36-F62C73594D9C}
	EndGlobalSection
EndGlobal
